
Microsoft Visual Studio Solution File, Format Version 12.00
# Visual Studio 15
VisualStudioVersion = 15.0.27130.2020
MinimumVisualStudioVersion = 10.0.40219.1
Project("{FAE04EC0-301F-11D3-BF4B-00C04F79EFBC}") = "Gym", "Gym\Gym.csproj", "{D09E7570-C013-442B-9703-7F027FB7AD62}"
EndProject
Global
	GlobalSection(SolutionConfigurationPlatforms) = preSolution
		Debug|Any CPU = Debug|Any CPU
		Release|Any CPU = Release|Any CPU
	EndGlobalSection
	GlobalSection(ProjectConfigurationPlatforms) = postSolution
		{D09E7570-C013-442B-9703-7F027FB7AD62}.Debug|Any CPU.ActiveCfg = Debug|Any CPU
		{D09E7570-C013-442B-9703-7F027FB7AD62}.Debug|Any CPU.Build.0 = Debug|Any CPU
		{D09E7570-C013-442B-9703-7F027FB7AD62}.Release|Any CPU.ActiveCfg = Release|Any CPU
		{D09E7570-C013-442B-9703-7F027FB7AD62}.Release|Any CPU.Build.0 = Release|Any CPU
	EndGlobalSection
	GlobalSection(SolutionProperties) = preSolution
		HideSolutionNode = FALSE
	EndGlobalSection
	GlobalSection(ExtensibilityGlobals) = postSolution
		SolutionGuid = {C2748159-2ECA-498B-BD05-18ACE932BF3C}
	EndGlobalSection
EndGlobal
